// !$*UTF8*$!
{
	archiveVersion = 1;
	classes = {
	};
	objectVersion = 46;
	objects = {

/* Begin PBXBuildFile section */
		3446ED0F1AC30D8A00F39DAC /* sq_connector.cpp in Sources */ = {isa = PBXBuildFile; fileRef = 3446ECF61AC30D0500F39DAC /* sq_connector.cpp */; };
		3446ED101AC30D8A00F39DAC /* sq_result.cpp in Sources */ = {isa = PBXBuildFile; fileRef = 3446ECF71AC30D0500F39DAC /* sq_result.cpp */; };
		3446ED111AC30D8A00F39DAC /* sq_statement.cpp in Sources */ = {isa = PBXBuildFile; fileRef = 3446ECF81AC30D0500F39DAC /* sq_statement.cpp */; };
		3446ED191AC312C100F39DAC /* test.cpp in Sources */ = {isa = PBXBuildFile; fileRef = 3446ED181AC312C100F39DAC /* test.cpp */; };
		3446ED211AC3131700F39DAC /* libsqlite3.dylib in Frameworks */ = {isa = PBXBuildFile; fileRef = 3446ED201AC3131700F39DAC /* libsqlite3.dylib */; };
		3446ED221AC3132700F39DAC /* libsqlitecpp.a in Frameworks */ = {isa = PBXBuildFile; fileRef = 3446ED041AC30D7C00F39DAC /* libsqlitecpp.a */; };
/* End PBXBuildFile section */

/* Begin PBXCopyFilesBuildPhase section */
		3446ED141AC312C100F39DAC /* CopyFiles */ = {
			isa = PBXCopyFilesBuildPhase;
			buildActionMask = 2147483647;
			dstPath = /usr/share/man/man1/;
			dstSubfolderSpec = 0;
			files = (
			);
			runOnlyForDeploymentPostprocessing = 1;
		};
/* End PBXCopyFilesBuildPhase section */

/* Begin PBXFileReference section */
		3446ECF61AC30D0500F39DAC /* sq_connector.cpp */ = {isa = PBXFileReference; fileEncoding = 4; lastKnownFileType = sourcecode.cpp.cpp; name = sq_connector.cpp; path = ../src/sq_connector.cpp; sourceTree = "<group>"; };
		3446ECF71AC30D0500F39DAC /* sq_result.cpp */ = {isa = PBXFileReference; fileEncoding = 4; lastKnownFileType = sourcecode.cpp.cpp; name = sq_result.cpp; path = ../src/sq_result.cpp; sourceTree = "<group>"; };
		3446ECF81AC30D0500F39DAC /* sq_statement.cpp */ = {isa = PBXFileReference; fileEncoding = 4; lastKnownFileType = sourcecode.cpp.cpp; name = sq_statement.cpp; path = ../src/sq_statement.cpp; sourceTree = "<group>"; };
		3446ECFC1AC30D0F00F39DAC /* sq_connector.h */ = {isa = PBXFileReference; lastKnownFileType = sourcecode.c.h; name = sq_connector.h; path = ../include/sq/sq_connector.h; sourceTree = "<group>"; };
		3446ECFD1AC30D0F00F39DAC /* sq_result.h */ = {isa = PBXFileReference; lastKnownFileType = sourcecode.c.h; name = sq_result.h; path = ../include/sq/sq_result.h; sourceTree = "<group>"; };
		3446ECFE1AC30D0F00F39DAC /* sq_statement.h */ = {isa = PBXFileReference; lastKnownFileType = sourcecode.c.h; name = sq_statement.h; path = ../include/sq/sq_statement.h; sourceTree = "<group>"; };
		3446ECFF1AC30D0F00F39DAC /* sq.h */ = {isa = PBXFileReference; lastKnownFileType = sourcecode.c.h; name = sq.h; path = ../include/sq/sq.h; sourceTree = "<group>"; };
		3446ED041AC30D7C00F39DAC /* libsqlitecpp.a */ = {isa = PBXFileReference; explicitFileType = archive.ar; includeInIndex = 0; path = libsqlitecpp.a; sourceTree = BUILT_PRODUCTS_DIR; };
		3446ED161AC312C100F39DAC /* sqlitecpptest */ = {isa = PBXFileReference; explicitFileType = "compiled.mach-o.executable"; includeInIndex = 0; path = sqlitecpptest; sourceTree = BUILT_PRODUCTS_DIR; };
		3446ED181AC312C100F39DAC /* test.cpp */ = {isa = PBXFileReference; lastKnownFileType = sourcecode.cpp.cpp; path = test.cpp; sourceTree = "<group>"; };
		3446ED201AC3131700F39DAC /* libsqlite3.dylib */ = {isa = PBXFileReference; lastKnownFileType = "compiled.mach-o.dylib"; name = libsqlite3.dylib; path = usr/lib/libsqlite3.dylib; sourceTree = SDKROOT; };
/* End PBXFileReference section */

/* Begin PBXFrameworksBuildPhase section */
		3446ED011AC30D7C00F39DAC /* Frameworks */ = {
			isa = PBXFrameworksBuildPhase;
			buildActionMask = 2147483647;
			files = (
			);
			runOnlyForDeploymentPostprocessing = 0;
		};
		3446ED131AC312C100F39DAC /* Frameworks */ = {
			isa = PBXFrameworksBuildPhase;
			buildActionMask = 2147483647;
			files = (
				3446ED221AC3132700F39DAC /* libsqlitecpp.a in Frameworks */,
				3446ED211AC3131700F39DAC /* libsqlite3.dylib in Frameworks */,
			);
			runOnlyForDeploymentPostprocessing = 0;
		};
/* End PBXFrameworksBuildPhase section */

/* Begin PBXGroup section */
		3446ECE01AC30CCA00F39DAC = {
			isa = PBXGroup;
			children = (
				3446ED201AC3131700F39DAC /* libsqlite3.dylib */,
				3446ECF51AC30CF700F39DAC /* src */,
				3446ECF31AC30CED00F39DAC /* include */,
				3446ED171AC312C100F39DAC /* sqlitecpptest */,
				3446ECEA1AC30CCA00F39DAC /* Products */,
			);
			indentWidth = 2;
			sourceTree = "<group>";
			tabWidth = 2;
		};
		3446ECEA1AC30CCA00F39DAC /* Products */ = {
			isa = PBXGroup;
			children = (
				3446ED041AC30D7C00F39DAC /* libsqlitecpp.a */,
				3446ED161AC312C100F39DAC /* sqlitecpptest */,
			);
			name = Products;
			sourceTree = "<group>";
		};
		3446ECF31AC30CED00F39DAC /* include */ = {
			isa = PBXGroup;
			children = (
				3446ECF41AC30CF300F39DAC /* sq */,
			);
			name = include;
			sourceTree = "<group>";
		};
		3446ECF41AC30CF300F39DAC /* sq */ = {
			isa = PBXGroup;
			children = (
				3446ECFC1AC30D0F00F39DAC /* sq_connector.h */,
				3446ECFD1AC30D0F00F39DAC /* sq_result.h */,
				3446ECFE1AC30D0F00F39DAC /* sq_statement.h */,
				3446ECFF1AC30D0F00F39DAC /* sq.h */,
			);
			name = sq;
			sourceTree = "<group>";
		};
		3446ECF51AC30CF700F39DAC /* src */ = {
			isa = PBXGroup;
			children = (
				3446ECF61AC30D0500F39DAC /* sq_connector.cpp */,
				3446ECF71AC30D0500F39DAC /* sq_result.cpp */,
				3446ECF81AC30D0500F39DAC /* sq_statement.cpp */,
			);
			name = src;
			sourceTree = "<group>";
		};
		3446ED171AC312C100F39DAC /* sqlitecpptest */ = {
			isa = PBXGroup;
			children = (
				3446ED181AC312C100F39DAC /* test.cpp */,
			);
			path = sqlitecpptest;
			sourceTree = "<group>";
		};
/* End PBXGroup section */

/* Begin PBXHeadersBuildPhase section */
		3446ED021AC30D7C00F39DAC /* Headers */ = {
			isa = PBXHeadersBuildPhase;
			buildActionMask = 2147483647;
			files = (
			);
			runOnlyForDeploymentPostprocessing = 0;
		};
/* End PBXHeadersBuildPhase section */

/* Begin PBXNativeTarget section */
		3446ED031AC30D7C00F39DAC /* sqlitecpp */ = {
			isa = PBXNativeTarget;
			buildConfigurationList = 3446ED0C1AC30D7D00F39DAC /* Build configuration list for PBXNativeTarget "sqlitecpp" */;
			buildPhases = (
				3446ED001AC30D7C00F39DAC /* Sources */,
				3446ED011AC30D7C00F39DAC /* Frameworks */,
				3446ED021AC30D7C00F39DAC /* Headers */,
			);
			buildRules = (
			);
			dependencies = (
			);
			name = sqlitecpp;
			productName = sqlitecpp;
			productReference = 3446ED041AC30D7C00F39DAC /* libsqlitecpp.a */;
			productType = "com.apple.product-type.library.static";
		};
		3446ED151AC312C100F39DAC /* sqlitecpptest */ = {
			isa = PBXNativeTarget;
			buildConfigurationList = 3446ED1A1AC312C100F39DAC /* Build configuration list for PBXNativeTarget "sqlitecpptest" */;
			buildPhases = (
				3446ED121AC312C100F39DAC /* Sources */,
				3446ED131AC312C100F39DAC /* Frameworks */,
				3446ED141AC312C100F39DAC /* CopyFiles */,
			);
			buildRules = (
			);
			dependencies = (
			);
			name = sqlitecpptest;
			productName = sqlitecpptest;
			productReference = 3446ED161AC312C100F39DAC /* sqlitecpptest */;
			productType = "com.apple.product-type.tool";
		};
/* End PBXNativeTarget section */

/* Begin PBXProject section */
		3446ECE11AC30CCA00F39DAC /* Project object */ = {
			isa = PBXProject;
			attributes = {
				LastUpgradeCheck = 0620;
				ORGANIZATIONNAME = mattxlee;
				TargetAttributes = {
					3446ED031AC30D7C00F39DAC = {
						CreatedOnToolsVersion = 6.2;
					};
					3446ED151AC312C100F39DAC = {
						CreatedOnToolsVersion = 6.2;
					};
				};
			};
			buildConfigurationList = 3446ECE41AC30CCA00F39DAC /* Build configuration list for PBXProject "sqlite-cpp" */;
			compatibilityVersion = "Xcode 3.2";
			developmentRegion = English;
			hasScannedForEncodings = 0;
			knownRegions = (
				en,
			);
			mainGroup = 3446ECE01AC30CCA00F39DAC;
			productRefGroup = 3446ECEA1AC30CCA00F39DAC /* Products */;
			projectDirPath = "";
			projectRoot = "";
			targets = (
				3446ED031AC30D7C00F39DAC /* sqlitecpp */,
				3446ED151AC312C100F39DAC /* sqlitecpptest */,
			);
		};
/* End PBXProject section */

/* Begin PBXSourcesBuildPhase section */
		3446ED001AC30D7C00F39DAC /* Sources */ = {
			isa = PBXSourcesBuildPhase;
			buildActionMask = 2147483647;
			files = (
				3446ED101AC30D8A00F39DAC /* sq_result.cpp in Sources */,
				3446ED111AC30D8A00F39DAC /* sq_statement.cpp in Sources */,
				3446ED0F1AC30D8A00F39DAC /* sq_connector.cpp in Sources */,
			);
			runOnlyForDeploymentPostprocessing = 0;
		};
		3446ED121AC312C100F39DAC /* Sources */ = {
			isa = PBXSourcesBuildPhase;
			buildActionMask = 2147483647;
			files = (
				3446ED191AC312C100F39DAC /* test.cpp in Sources */,
			);
			runOnlyForDeploymentPostprocessing = 0;
		};
/* End PBXSourcesBuildPhase section */

/* Begin XCBuildConfiguration section */
		3446ECEE1AC30CCA00F39DAC /* Debug */ = {
			isa = XCBuildConfiguration;
			buildSettings = {
				ALWAYS_SEARCH_USER_PATHS = NO;
				CLANG_CXX_LANGUAGE_STANDARD = "gnu++0x";
				CLANG_CXX_LIBRARY = "libc++";
				CLANG_ENABLE_MODULES = YES;
				CLANG_ENABLE_OBJC_ARC = YES;
				CLANG_WARN_BOOL_CONVERSION = YES;
				CLANG_WARN_CONSTANT_CONVERSION = YES;
				CLANG_WARN_DIRECT_OBJC_ISA_USAGE = YES_ERROR;
				CLANG_WARN_EMPTY_BODY = YES;
				CLANG_WARN_ENUM_CONVERSION = YES;
				CLANG_WARN_INT_CONVERSION = YES;
				CLANG_WARN_OBJC_ROOT_CLASS = YES_ERROR;
				CLANG_WARN_UNREACHABLE_CODE = YES;
				CLANG_WARN__DUPLICATE_METHOD_MATCH = YES;
				COPY_PHASE_STRIP = NO;
				ENABLE_STRICT_OBJC_MSGSEND = YES;
				GCC_C_LANGUAGE_STANDARD = gnu99;
				GCC_DYNAMIC_NO_PIC = NO;
				GCC_OPTIMIZATION_LEVEL = 0;
				GCC_PREPROCESSOR_DEFINITIONS = (
					"DEBUG=1",
					"$(inherited)",
				);
				GCC_SYMBOLS_PRIVATE_EXTERN = NO;
				GCC_WARN_64_TO_32_BIT_CONVERSION = YES;
				GCC_WARN_ABOUT_RETURN_TYPE = YES_ERROR;
				GCC_WARN_UNDECLARED_SELECTOR = YES;
				GCC_WARN_UNINITIALIZED_AUTOS = YES_AGGRESSIVE;
				GCC_WARN_UNUSED_FUNCTION = YES;
				GCC_WARN_UNUSED_VARIABLE = YES;
				MACOSX_DEPLOYMENT_TARGET = 10.10;
				MTL_ENABLE_DEBUG_INFO = YES;
				ONLY_ACTIVE_ARCH = YES;
				SDKROOT = macosx;
			};
			name = Debug;
		};
		3446ECEF1AC30CCA00F39DAC /* Release */ = {
			isa = XCBuildConfiguration;
			buildSettings = {
				ALWAYS_SEARCH_USER_PATHS = NO;
				CLANG_CXX_LANGUAGE_STANDARD = "gnu++0x";
				CLANG_CXX_LIBRARY = "libc++";
				CLANG_ENABLE_MODULES = YES;
				CLANG_ENABLE_OBJC_ARC = YES;
				CLANG_WARN_BOOL_CONVERSION = YES;
				CLANG_WARN_CONSTANT_CONVERSION = YES;
				CLANG_WARN_DIRECT_OBJC_ISA_USAGE = YES_ERROR;
				CLANG_WARN_EMPTY_BODY = YES;
				CLANG_WARN_ENUM_CONVERSION = YES;
				CLANG_WARN_INT_CONVERSION = YES;
				CLANG_WARN_OBJC_ROOT_CLASS = YES_ERROR;
				CLANG_WARN_UNREACHABLE_CODE = YES;
				CLANG_WARN__DUPLICATE_METHOD_MATCH = YES;
				COPY_PHASE_STRIP = NO;
				DEBUG_INFORMATION_FORMAT = "dwarf-with-dsym";
				ENABLE_NS_ASSERTIONS = NO;
				ENABLE_STRICT_OBJC_MSGSEND = YES;
				GCC_C_LANGUAGE_STANDARD = gnu99;
				GCC_WARN_64_TO_32_BIT_CONVERSION = YES;
				GCC_WARN_ABOUT_RETURN_TYPE = YES_ERROR;
				GCC_WARN_UNDECLARED_SELECTOR = YES;
				GCC_WARN_UNINITIALIZED_AUTOS = YES_AGGRESSIVE;
				GCC_WARN_UNUSED_FUNCTION = YES;
				GCC_WARN_UNUSED_VARIABLE = YES;
				MACOSX_DEPLOYMENT_TARGET = 10.10;
				MTL_ENABLE_DEBUG_INFO = NO;
				SDKROOT = macosx;
			};
			name = Release;
		};
		3446ED0D1AC30D7D00F39DAC /* Debug */ = {
			isa = XCBuildConfiguration;
			buildSettings = {
				EXECUTABLE_PREFIX = lib;
				GCC_ENABLE_CPP_EXCEPTIONS = YES;
				GCC_ENABLE_CPP_RTTI = YES;
				GCC_PREPROCESSOR_DEFINITIONS = (
					"DEBUG=1",
					"$(inherited)",
				);
				GCC_SYMBOLS_PRIVATE_EXTERN = NO;
				PRODUCT_NAME = "$(TARGET_NAME)";
			};
			name = Debug;
		};
		3446ED0E1AC30D7D00F39DAC /* Release */ = {
			isa = XCBuildConfiguration;
			buildSettings = {
				EXECUTABLE_PREFIX = lib;
				GCC_ENABLE_CPP_EXCEPTIONS = YES;
				GCC_ENABLE_CPP_RTTI = YES;
				GCC_SYMBOLS_PRIVATE_EXTERN = NO;
				PRODUCT_NAME = "$(TARGET_NAME)";
			};
			name = Release;
		};
		3446ED1B1AC312C100F39DAC /* Debug */ = {
			isa = XCBuildConfiguration;
			buildSettings = {
				GCC_PREPROCESSOR_DEFINITIONS = (
					"DEBUG=1",
					"$(inherited)",
				);
				HEADER_SEARCH_PATHS = (
					"$(inherited)",
					/Applications/Xcode.app/Contents/Developer/Toolchains/XcodeDefault.xctoolchain/usr/include,
					/usr/local/include,
				);
				LIBRARY_SEARCH_PATHS = /usr/local/lib;
				OTHER_LDFLAGS = (
					"-lgtest",
					"-lgtest_main",
				);
				PRODUCT_NAME = "$(TARGET_NAME)";
			};
			name = Debug;
		};
		3446ED1C1AC312C100F39DAC /* Release */ = {
			isa = XCBuildConfiguration;
			buildSettings = {
				HEADER_SEARCH_PATHS = (
					"$(inherited)",
					/Applications/Xcode.app/Contents/Developer/Toolchains/XcodeDefault.xctoolchain/usr/include,
					/usr/local/include,
				);
				LIBRARY_SEARCH_PATHS = /usr/local/lib;
				OTHER_LDFLAGS = (
					"-lgtest",
					"-lgtest_main",
				);
				PRODUCT_NAME = "$(TARGET_NAME)";
			};
			name = Release;
		};
/* End XCBuildConfiguration section */

/* Begin XCConfigurationList section */
		3446ECE41AC30CCA00F39DAC /* Build configuration list for PBXProject "sqlite-cpp" */ = {
			isa = XCConfigurationList;
			buildConfigurations = (
				3446ECEE1AC30CCA00F39DAC /* Debug */,
				3446ECEF1AC30CCA00F39DAC /* Release */,
			);
			defaultConfigurationIsVisible = 0;
			defaultConfigurationName = Release;
		};
		3446ED0C1AC30D7D00F39DAC /* Build configuration list for PBXNativeTarget "sqlitecpp" */ = {
			isa = XCConfigurationList;
			buildConfigurations = (
				3446ED0D1AC30D7D00F39DAC /* Debug */,
				3446ED0E1AC30D7D00F39DAC /* Release */,
			);
			defaultConfigurationIsVisible = 0;
		};
		3446ED1A1AC312C100F39DAC /* Build configuration list for PBXNativeTarget "sqlitecpptest" */ = {
			isa = XCConfigurationList;
			buildConfigurations = (
				3446ED1B1AC312C100F39DAC /* Debug */,
				3446ED1C1AC312C100F39DAC /* Release */,
			);
			defaultConfigurationIsVisible = 0;
		};
/* End XCConfigurationList section */
	};
	rootObject = 3446ECE11AC30CCA00F39DAC /* Project object */;
}
